
Microsoft Visual Studio Solution File, Format Version 12.00
# Visual Studio 15
VisualStudioVersion = 15.0.28010.2046
MinimumVisualStudioVersion = 10.0.40219.1
Project("{9A19103F-16F7-4668-BE54-9A1E7A4F7556}") = "HungryBirds", "HungryBrids\HungryBirds.csproj", "{FEF89578-70FB-4D5E-9ECD-8C4FA2AAADFD}"
EndProject
Global
	GlobalSection(SolutionConfigurationPlatforms) = preSolution
		Debug|Any CPU = Debug|Any CPU
		Release|Any CPU = Release|Any CPU
	EndGlobalSection
	GlobalSection(ProjectConfigurationPlatforms) = postSolution
		{FEF89578-70FB-4D5E-9ECD-8C4FA2AAADFD}.Debug|Any CPU.ActiveCfg = Debug|Any CPU
		{FEF89578-70FB-4D5E-9ECD-8C4FA2AAADFD}.Debug|Any CPU.Build.0 = Debug|Any CPU
		{FEF89578-70FB-4D5E-9ECD-8C4FA2AAADFD}.Release|Any CPU.ActiveCfg = Release|Any CPU
		{FEF89578-70FB-4D5E-9ECD-8C4FA2AAADFD}.Release|Any CPU.Build.0 = Release|Any CPU
	EndGlobalSection
	GlobalSection(SolutionProperties) = preSolution
		HideSolutionNode = FALSE
	EndGlobalSection
	GlobalSection(ExtensibilityGlobals) = postSolution
		SolutionGuid = {2B3EF744-17D7-486E-A514-44C1A76D08D0}
	EndGlobalSection
EndGlobal
